
Microsoft Visual Studio Solution File, Format Version 12.00
# Visual Studio Version 17
VisualStudioVersion = 17.14.36301.6 d17.14
MinimumVisualStudioVersion = 10.0.40219.1
Project("{FAE04EC0-301F-11D3-BF4B-00C04F79EFBC}") = "RemoteDesktopApp", "RemoteDesktopApp\RemoteDesktopApp.csproj", "{82F42E7D-5950-4198-A19B-B9ACDC82B75F}"
EndProject
Global
	GlobalSection(SolutionConfigurationPlatforms) = preSolution
		Debug|Any CPU = Debug|Any CPU
		Release|Any CPU = Release|Any CPU
	EndGlobalSection
	GlobalSection(ProjectConfigurationPlatforms) = postSolution
		{82F42E7D-5950-4198-A19B-B9ACDC82B75F}.Debug|Any CPU.ActiveCfg = Debug|Any CPU
		{82F42E7D-5950-4198-A19B-B9ACDC82B75F}.Debug|Any CPU.Build.0 = Debug|Any CPU
		{82F42E7D-5950-4198-A19B-B9ACDC82B75F}.Release|Any CPU.ActiveCfg = Release|Any CPU
		{82F42E7D-5950-4198-A19B-B9ACDC82B75F}.Release|Any CPU.Build.0 = Release|Any CPU
	EndGlobalSection
	GlobalSection(SolutionProperties) = preSolution
		HideSolutionNode = FALSE
	EndGlobalSection
	GlobalSection(ExtensibilityGlobals) = postSolution
		SolutionGuid = {F1F1F7CD-8A67-4D42-A328-CAE8BAA14EB9}
	EndGlobalSection
EndGlobal
